// !$*UTF8*$!
{
	archiveVersion = 1;
	classes = {
	};
	objectVersion = 46;
	objects = {

/* Begin PBXBuildFile section */
		3279A5591E4EF088009DFF97 /* main.m in Sources */ = {isa = PBXBuildFile; fileRef = 3279A5581E4EF088009DFF97 /* main.m */; };
		3279A55C1E4EF088009DFF97 /* AppDelegate.m in Sources */ = {isa = PBXBuildFile; fileRef = 3279A55B1E4EF088009DFF97 /* AppDelegate.m */; };
		3279A5621E4EF088009DFF97 /* Main.storyboard in Resources */ = {isa = PBXBuildFile; fileRef = 3279A5601E4EF088009DFF97 /* Main.storyboard */; };
		3279A5641E4EF088009DFF97 /* Assets.xcassets in Resources */ = {isa = PBXBuildFile; fileRef = 3279A5631E4EF088009DFF97 /* Assets.xcassets */; };
		3279A56D1E4EF0C5009DFF97 /* LeftTableViewController.m in Sources */ = {isa = PBXBuildFile; fileRef = 3279A56C1E4EF0C5009DFF97 /* LeftTableViewController.m */; };
		3279A5701E4EF0E4009DFF97 /* MainViewController.m in Sources */ = {isa = PBXBuildFile; fileRef = 3279A56F1E4EF0E4009DFF97 /* MainViewController.m */; };
		3279A5731E4EF130009DFF97 /* PBRevealViewController.m in Sources */ = {isa = PBXBuildFile; fileRef = 3279A5721E4EF130009DFF97 /* PBRevealViewController.m */; };
		3279A5791E508D33009DFF97 /* SecondViewController.m in Sources */ = {isa = PBXBuildFile; fileRef = 3279A5781E508D33009DFF97 /* SecondViewController.m */; };
		3279A57C1E509210009DFF97 /* RevealViewController.m in Sources */ = {isa = PBXBuildFile; fileRef = 3279A57B1E509210009DFF97 /* RevealViewController.m */; };
		3279A5A51E548680009DFF97 /* RightViewController.m in Sources */ = {isa = PBXBuildFile; fileRef = 3279A5A41E548680009DFF97 /* RightViewController.m */; };
/* End PBXBuildFile section */

/* Begin PBXFileReference section */
		3279A5541E4EF088009DFF97 /* PBRevealTVOS.app */ = {isa = PBXFileReference; explicitFileType = wrapper.application; includeInIndex = 0; path = PBRevealTVOS.app; sourceTree = BUILT_PRODUCTS_DIR; };
		3279A5581E4EF088009DFF97 /* main.m */ = {isa = PBXFileReference; lastKnownFileType = sourcecode.c.objc; path = main.m; sourceTree = "<group>"; };
		3279A55A1E4EF088009DFF97 /* AppDelegate.h */ = {isa = PBXFileReference; lastKnownFileType = sourcecode.c.h; path = AppDelegate.h; sourceTree = "<group>"; };
		3279A55B1E4EF088009DFF97 /* AppDelegate.m */ = {isa = PBXFileReference; lastKnownFileType = sourcecode.c.objc; path = AppDelegate.m; sourceTree = "<group>"; };
		3279A5611E4EF088009DFF97 /* Base */ = {isa = PBXFileReference; lastKnownFileType = file.storyboard; name = Base; path = Base.lproj/Main.storyboard; sourceTree = "<group>"; };
		3279A5631E4EF088009DFF97 /* Assets.xcassets */ = {isa = PBXFileReference; lastKnownFileType = folder.assetcatalog; path = Assets.xcassets; sourceTree = "<group>"; };
		3279A5651E4EF088009DFF97 /* Info.plist */ = {isa = PBXFileReference; lastKnownFileType = text.plist.xml; path = Info.plist; sourceTree = "<group>"; };
		3279A56B1E4EF0C5009DFF97 /* LeftTableViewController.h */ = {isa = PBXFileReference; fileEncoding = 4; lastKnownFileType = sourcecode.c.h; path = LeftTableViewController.h; sourceTree = "<group>"; };
		3279A56C1E4EF0C5009DFF97 /* LeftTableViewController.m */ = {isa = PBXFileReference; fileEncoding = 4; lastKnownFileType = sourcecode.c.objc; path = LeftTableViewController.m; sourceTree = "<group>"; };
		3279A56E1E4EF0E4009DFF97 /* MainViewController.h */ = {isa = PBXFileReference; fileEncoding = 4; lastKnownFileType = sourcecode.c.h; path = MainViewController.h; sourceTree = "<group>"; };
		3279A56F1E4EF0E4009DFF97 /* MainViewController.m */ = {isa = PBXFileReference; fileEncoding = 4; lastKnownFileType = sourcecode.c.objc; path = MainViewController.m; sourceTree = "<group>"; };
		3279A5711E4EF130009DFF97 /* PBRevealViewController.h */ = {isa = PBXFileReference; fileEncoding = 4; lastKnownFileType = sourcecode.c.h; path = PBRevealViewController.h; sourceTree = "<group>"; };
		3279A5721E4EF130009DFF97 /* PBRevealViewController.m */ = {isa = PBXFileReference; fileEncoding = 4; lastKnownFileType = sourcecode.c.objc; path = PBRevealViewController.m; sourceTree = "<group>"; };
		3279A5771E508D33009DFF97 /* SecondViewController.h */ = {isa = PBXFileReference; fileEncoding = 4; lastKnownFileType = sourcecode.c.h; path = SecondViewController.h; sourceTree = "<group>"; };
		3279A5781E508D33009DFF97 /* SecondViewController.m */ = {isa = PBXFileReference; fileEncoding = 4; lastKnownFileType = sourcecode.c.objc; path = SecondViewController.m; sourceTree = "<group>"; };
		3279A57A1E509210009DFF97 /* RevealViewController.h */ = {isa = PBXFileReference; fileEncoding = 4; lastKnownFileType = sourcecode.c.h; path = RevealViewController.h; sourceTree = "<group>"; };
		3279A57B1E509210009DFF97 /* RevealViewController.m */ = {isa = PBXFileReference; fileEncoding = 4; lastKnownFileType = sourcecode.c.objc; path = RevealViewController.m; sourceTree = "<group>"; };
		3279A5A31E548680009DFF97 /* RightViewController.h */ = {isa = PBXFileReference; fileEncoding = 4; lastKnownFileType = sourcecode.c.h; path = RightViewController.h; sourceTree = "<group>"; };
		3279A5A41E548680009DFF97 /* RightViewController.m */ = {isa = PBXFileReference; fileEncoding = 4; lastKnownFileType = sourcecode.c.objc; path = RightViewController.m; sourceTree = "<group>"; };
/* End PBXFileReference section */

/* Begin PBXFrameworksBuildPhase section */
		3279A5511E4EF088009DFF97 /* Frameworks */ = {
			isa = PBXFrameworksBuildPhase;
			buildActionMask = 2147483647;
			files = (
			);
			runOnlyForDeploymentPostprocessing = 0;
		};
/* End PBXFrameworksBuildPhase section */

/* Begin PBXGroup section */
		3279A54B1E4EF088009DFF97 = {
			isa = PBXGroup;
			children = (
				3279A5561E4EF088009DFF97 /* PBRevealTVOS */,
				3279A5551E4EF088009DFF97 /* Products */,
			);
			sourceTree = "<group>";
		};
		3279A5551E4EF088009DFF97 /* Products */ = {
			isa = PBXGroup;
			children = (
				3279A5541E4EF088009DFF97 /* PBRevealTVOS.app */,
			);
			name = Products;
			sourceTree = "<group>";
		};
		3279A5561E4EF088009DFF97 /* PBRevealTVOS */ = {
			isa = PBXGroup;
			children = (
				3279A55A1E4EF088009DFF97 /* AppDelegate.h */,
				3279A55B1E4EF088009DFF97 /* AppDelegate.m */,
				3279A57A1E509210009DFF97 /* RevealViewController.h */,
				3279A57B1E509210009DFF97 /* RevealViewController.m */,
				3279A56B1E4EF0C5009DFF97 /* LeftTableViewController.h */,
				3279A56C1E4EF0C5009DFF97 /* LeftTableViewController.m */,
				3279A5A31E548680009DFF97 /* RightViewController.h */,
				3279A5A41E548680009DFF97 /* RightViewController.m */,
				3279A56E1E4EF0E4009DFF97 /* MainViewController.h */,
				3279A56F1E4EF0E4009DFF97 /* MainViewController.m */,
				3279A5771E508D33009DFF97 /* SecondViewController.h */,
				3279A5781E508D33009DFF97 /* SecondViewController.m */,
				3279A5601E4EF088009DFF97 /* Main.storyboard */,
				3279A5711E4EF130009DFF97 /* PBRevealViewController.h */,
				3279A5721E4EF130009DFF97 /* PBRevealViewController.m */,
				3279A5631E4EF088009DFF97 /* Assets.xcassets */,
				3279A5651E4EF088009DFF97 /* Info.plist */,
				3279A5571E4EF088009DFF97 /* Supporting Files */,
			);
			path = PBRevealTVOS;
			sourceTree = "<group>";
		};
		3279A5571E4EF088009DFF97 /* Supporting Files */ = {
			isa = PBXGroup;
			children = (
				3279A5581E4EF088009DFF97 /* main.m */,
			);
			name = "Supporting Files";
			sourceTree = "<group>";
		};
/* End PBXGroup section */

/* Begin PBXNativeTarget section */
		3279A5531E4EF088009DFF97 /* PBRevealTVOS */ = {
			isa = PBXNativeTarget;
			buildConfigurationList = 3279A5681E4EF088009DFF97 /* Build configuration list for PBXNativeTarget "PBRevealTVOS" */;
			buildPhases = (
				3279A5501E4EF088009DFF97 /* Sources */,
				3279A5511E4EF088009DFF97 /* Frameworks */,
				3279A5521E4EF088009DFF97 /* Resources */,
			);
			buildRules = (
			);
			dependencies = (
			);
			name = PBRevealTVOS;
			productName = PBRevealTVOS;
			productReference = 3279A5541E4EF088009DFF97 /* PBRevealTVOS.app */;
			productType = "com.apple.product-type.application";
		};
/* End PBXNativeTarget section */

/* Begin PBXProject section */
		3279A54C1E4EF088009DFF97 /* Project object */ = {
			isa = PBXProject;
			attributes = {
				LastUpgradeCheck = 0820;
				ORGANIZATIONNAME = iDevelopper;
				TargetAttributes = {
					3279A5531E4EF088009DFF97 = {
						CreatedOnToolsVersion = 8.2.1;
						DevelopmentTeam = 5WSVF5KRRY;
						ProvisioningStyle = Automatic;
					};
				};
			};
			buildConfigurationList = 3279A54F1E4EF088009DFF97 /* Build configuration list for PBXProject "PBRevealTVOS" */;
			compatibilityVersion = "Xcode 3.2";
			developmentRegion = English;
			hasScannedForEncodings = 0;
			knownRegions = (
				en,
				Base,
			);
			mainGroup = 3279A54B1E4EF088009DFF97;
			productRefGroup = 3279A5551E4EF088009DFF97 /* Products */;
			projectDirPath = "";
			projectRoot = "";
			targets = (
				3279A5531E4EF088009DFF97 /* PBRevealTVOS */,
			);
		};
/* End PBXProject section */

/* Begin PBXResourcesBuildPhase section */
		3279A5521E4EF088009DFF97 /* Resources */ = {
			isa = PBXResourcesBuildPhase;
			buildActionMask = 2147483647;
			files = (
				3279A5641E4EF088009DFF97 /* Assets.xcassets in Resources */,
				3279A5621E4EF088009DFF97 /* Main.storyboard in Resources */,
			);
			runOnlyForDeploymentPostprocessing = 0;
		};
/* End PBXResourcesBuildPhase section */

/* Begin PBXSourcesBuildPhase section */
		3279A5501E4EF088009DFF97 /* Sources */ = {
			isa = PBXSourcesBuildPhase;
			buildActionMask = 2147483647;
			files = (
				3279A5791E508D33009DFF97 /* SecondViewController.m in Sources */,
				3279A5731E4EF130009DFF97 /* PBRevealViewController.m in Sources */,
				3279A55C1E4EF088009DFF97 /* AppDelegate.m in Sources */,
				3279A56D1E4EF0C5009DFF97 /* LeftTableViewController.m in Sources */,
				3279A5591E4EF088009DFF97 /* main.m in Sources */,
				3279A5A51E548680009DFF97 /* RightViewController.m in Sources */,
				3279A5701E4EF0E4009DFF97 /* MainViewController.m in Sources */,
				3279A57C1E509210009DFF97 /* RevealViewController.m in Sources */,
			);
			runOnlyForDeploymentPostprocessing = 0;
		};
/* End PBXSourcesBuildPhase section */

/* Begin PBXVariantGroup section */
		3279A5601E4EF088009DFF97 /* Main.storyboard */ = {
			isa = PBXVariantGroup;
			children = (
				3279A5611E4EF088009DFF97 /* Base */,
			);
			name = Main.storyboard;
			sourceTree = "<group>";
		};
/* End PBXVariantGroup section */

/* Begin XCBuildConfiguration section */
		3279A5661E4EF088009DFF97 /* Debug */ = {
			isa = XCBuildConfiguration;
			buildSettings = {
				ALWAYS_SEARCH_USER_PATHS = NO;
				CLANG_ANALYZER_NONNULL = YES;
				CLANG_CXX_LANGUAGE_STANDARD = "gnu++0x";
				CLANG_CXX_LIBRARY = "libc++";
				CLANG_ENABLE_MODULES = YES;
				CLANG_ENABLE_OBJC_ARC = YES;
				CLANG_WARN_BOOL_CONVERSION = YES;
				CLANG_WARN_CONSTANT_CONVERSION = YES;
				CLANG_WARN_DIRECT_OBJC_ISA_USAGE = YES_ERROR;
				CLANG_WARN_DOCUMENTATION_COMMENTS = YES;
				CLANG_WARN_EMPTY_BODY = YES;
				CLANG_WARN_ENUM_CONVERSION = YES;
				CLANG_WARN_INFINITE_RECURSION = YES;
				CLANG_WARN_INT_CONVERSION = YES;
				CLANG_WARN_OBJC_ROOT_CLASS = YES_ERROR;
				CLANG_WARN_SUSPICIOUS_MOVE = YES;
				CLANG_WARN_UNREACHABLE_CODE = YES;
				CLANG_WARN__DUPLICATE_METHOD_MATCH = YES;
				COPY_PHASE_STRIP = NO;
				DEBUG_INFORMATION_FORMAT = dwarf;
				ENABLE_STRICT_OBJC_MSGSEND = YES;
				ENABLE_TESTABILITY = YES;
				GCC_C_LANGUAGE_STANDARD = gnu99;
				GCC_DYNAMIC_NO_PIC = NO;
				GCC_NO_COMMON_BLOCKS = YES;
				GCC_OPTIMIZATION_LEVEL = 0;
				GCC_PREPROCESSOR_DEFINITIONS = (
					"DEBUG=1",
					"$(inherited)",
				);
				GCC_WARN_64_TO_32_BIT_CONVERSION = YES;
				GCC_WARN_ABOUT_RETURN_TYPE = YES_ERROR;
				GCC_WARN_UNDECLARED_SELECTOR = YES;
				GCC_WARN_UNINITIALIZED_AUTOS = YES_AGGRESSIVE;
				GCC_WARN_UNUSED_FUNCTION = YES;
				GCC_WARN_UNUSED_VARIABLE = YES;
				MTL_ENABLE_DEBUG_INFO = YES;
				ONLY_ACTIVE_ARCH = YES;
				SDKROOT = appletvos;
				TARGETED_DEVICE_FAMILY = 3;
				TVOS_DEPLOYMENT_TARGET = 10.1;
			};
			name = Debug;
		};
		3279A5671E4EF088009DFF97 /* Release */ = {
			isa = XCBuildConfiguration;
			buildSettings = {
				ALWAYS_SEARCH_USER_PATHS = NO;
				CLANG_ANALYZER_NONNULL = YES;
				CLANG_CXX_LANGUAGE_STANDARD = "gnu++0x";
				CLANG_CXX_LIBRARY = "libc++";
				CLANG_ENABLE_MODULES = YES;
				CLANG_ENABLE_OBJC_ARC = YES;
				CLANG_WARN_BOOL_CONVERSION = YES;
				CLANG_WARN_CONSTANT_CONVERSION = YES;
				CLANG_WARN_DIRECT_OBJC_ISA_USAGE = YES_ERROR;
				CLANG_WARN_DOCUMENTATION_COMMENTS = YES;
				CLANG_WARN_EMPTY_BODY = YES;
				CLANG_WARN_ENUM_CONVERSION = YES;
				CLANG_WARN_INFINITE_RECURSION = YES;
				CLANG_WARN_INT_CONVERSION = YES;
				CLANG_WARN_OBJC_ROOT_CLASS = YES_ERROR;
				CLANG_WARN_SUSPICIOUS_MOVE = YES;
				CLANG_WARN_UNREACHABLE_CODE = YES;
				CLANG_WARN__DUPLICATE_METHOD_MATCH = YES;
				COPY_PHASE_STRIP = NO;
				DEBUG_INFORMATION_FORMAT = "dwarf-with-dsym";
				ENABLE_NS_ASSERTIONS = NO;
				ENABLE_STRICT_OBJC_MSGSEND = YES;
				GCC_C_LANGUAGE_STANDARD = gnu99;
				GCC_NO_COMMON_BLOCKS = YES;
				GCC_WARN_64_TO_32_BIT_CONVERSION = YES;
				GCC_WARN_ABOUT_RETURN_TYPE = YES_ERROR;
				GCC_WARN_UNDECLARED_SELECTOR = YES;
				GCC_WARN_UNINITIALIZED_AUTOS = YES_AGGRESSIVE;
				GCC_WARN_UNUSED_FUNCTION = YES;
				GCC_WARN_UNUSED_VARIABLE = YES;
				MTL_ENABLE_DEBUG_INFO = NO;
				SDKROOT = appletvos;
				TARGETED_DEVICE_FAMILY = 3;
				TVOS_DEPLOYMENT_TARGET = 10.1;
				VALIDATE_PRODUCT = YES;
			};
			name = Release;
		};
		3279A5691E4EF088009DFF97 /* Debug */ = {
			isa = XCBuildConfiguration;
			buildSettings = {
				ASSETCATALOG_COMPILER_APPICON_NAME = "App Icon & Top Shelf Image";
				ASSETCATALOG_COMPILER_LAUNCHIMAGE_NAME = LaunchImage;
				DEVELOPMENT_TEAM = 5WSVF5KRRY;
				INFOPLIST_FILE = PBRevealTVOS/Info.plist;
				LD_RUNPATH_SEARCH_PATHS = "$(inherited) @executable_path/Frameworks";
				PRODUCT_BUNDLE_IDENTIFIER = fr.bodetpatrick.PBRevealTVOS;
				PRODUCT_NAME = "$(TARGET_NAME)";
				TVOS_DEPLOYMENT_TARGET = 9.0;
			};
			name = Debug;
		};
		3279A56A1E4EF088009DFF97 /* Release */ = {
			isa = XCBuildConfiguration;
			buildSettings = {
				ASSETCATALOG_COMPILER_APPICON_NAME = "App Icon & Top Shelf Image";
				ASSETCATALOG_COMPILER_LAUNCHIMAGE_NAME = LaunchImage;
				DEVELOPMENT_TEAM = 5WSVF5KRRY;
				INFOPLIST_FILE = PBRevealTVOS/Info.plist;
				LD_RUNPATH_SEARCH_PATHS = "$(inherited) @executable_path/Frameworks";
				PRODUCT_BUNDLE_IDENTIFIER = fr.bodetpatrick.PBRevealTVOS;
				PRODUCT_NAME = "$(TARGET_NAME)";
				TVOS_DEPLOYMENT_TARGET = 9.0;
			};
			name = Release;
		};
/* End XCBuildConfiguration section */

/* Begin XCConfigurationList section */
		3279A54F1E4EF088009DFF97 /* Build configuration list for PBXProject "PBRevealTVOS" */ = {
			isa = XCConfigurationList;
			buildConfigurations = (
				3279A5661E4EF088009DFF97 /* Debug */,
				3279A5671E4EF088009DFF97 /* Release */,
			);
			defaultConfigurationIsVisible = 0;
			defaultConfigurationName = Release;
		};
		3279A5681E4EF088009DFF97 /* Build configuration list for PBXNativeTarget "PBRevealTVOS" */ = {
			isa = XCConfigurationList;
			buildConfigurations = (
				3279A5691E4EF088009DFF97 /* Debug */,
				3279A56A1E4EF088009DFF97 /* Release */,
			);
			defaultConfigurationIsVisible = 0;
			defaultConfigurationName = Release;
		};
/* End XCConfigurationList section */
	};
	rootObject = 3279A54C1E4EF088009DFF97 /* Project object */;
}
