// !$*UTF8*$!
{
	archiveVersion = 1;
	classes = {
	};
	objectVersion = 46;
	objects = {

/* Begin PBXBuildFile section */
		325195B61E8B8D77004AA985 /* main.m in Sources */ = {isa = PBXBuildFile; fileRef = 325195B51E8B8D77004AA985 /* main.m */; };
		325195B91E8B8D77004AA985 /* AppDelegate.m in Sources */ = {isa = PBXBuildFile; fileRef = 325195B81E8B8D77004AA985 /* AppDelegate.m */; };
		325195BF1E8B8D77004AA985 /* Main.storyboard in Resources */ = {isa = PBXBuildFile; fileRef = 325195BD1E8B8D77004AA985 /* Main.storyboard */; };
		325195C11E8B8D77004AA985 /* Assets.xcassets in Resources */ = {isa = PBXBuildFile; fileRef = 325195C01E8B8D77004AA985 /* Assets.xcassets */; };
		325195D41E8B8F43004AA985 /* LeftTableViewController.m in Sources */ = {isa = PBXBuildFile; fileRef = 325195C91E8B8F43004AA985 /* LeftTableViewController.m */; };
		325195D51E8B8F43004AA985 /* MainViewController.m in Sources */ = {isa = PBXBuildFile; fileRef = 325195CB1E8B8F43004AA985 /* MainViewController.m */; };
		325195D71E8B8F43004AA985 /* RevealViewController.m in Sources */ = {isa = PBXBuildFile; fileRef = 325195CF1E8B8F43004AA985 /* RevealViewController.m */; };
		325195D81E8B8F43004AA985 /* RightViewController.m in Sources */ = {isa = PBXBuildFile; fileRef = 325195D11E8B8F43004AA985 /* RightViewController.m */; };
		325195D91E8B8F43004AA985 /* SecondViewController.m in Sources */ = {isa = PBXBuildFile; fileRef = 325195D31E8B8F43004AA985 /* SecondViewController.m */; };
		807605AD15EE12A1945E8800 /* libPods-ExampleFortvOS.a in Frameworks */ = {isa = PBXBuildFile; fileRef = F0B2352B821ECE1B2AF24621 /* libPods-ExampleFortvOS.a */; };
/* End PBXBuildFile section */

/* Begin PBXFileReference section */
		1288D6B7F72FA856FBBBE278 /* Pods-ExampleFortvOS.release.xcconfig */ = {isa = PBXFileReference; includeInIndex = 1; lastKnownFileType = text.xcconfig; name = "Pods-ExampleFortvOS.release.xcconfig"; path = "../Example/Pods/Target Support Files/Pods-ExampleFortvOS/Pods-ExampleFortvOS.release.xcconfig"; sourceTree = "<group>"; };
		325195B11E8B8D77004AA985 /* ExampleFortvOS.app */ = {isa = PBXFileReference; explicitFileType = wrapper.application; includeInIndex = 0; path = ExampleFortvOS.app; sourceTree = BUILT_PRODUCTS_DIR; };
		325195B51E8B8D77004AA985 /* main.m */ = {isa = PBXFileReference; lastKnownFileType = sourcecode.c.objc; path = main.m; sourceTree = "<group>"; };
		325195B71E8B8D77004AA985 /* AppDelegate.h */ = {isa = PBXFileReference; lastKnownFileType = sourcecode.c.h; path = AppDelegate.h; sourceTree = "<group>"; };
		325195B81E8B8D77004AA985 /* AppDelegate.m */ = {isa = PBXFileReference; lastKnownFileType = sourcecode.c.objc; path = AppDelegate.m; sourceTree = "<group>"; };
		325195BE1E8B8D77004AA985 /* Base */ = {isa = PBXFileReference; lastKnownFileType = file.storyboard; name = Base; path = Base.lproj/Main.storyboard; sourceTree = "<group>"; };
		325195C01E8B8D77004AA985 /* Assets.xcassets */ = {isa = PBXFileReference; lastKnownFileType = folder.assetcatalog; path = Assets.xcassets; sourceTree = "<group>"; };
		325195C21E8B8D77004AA985 /* Info.plist */ = {isa = PBXFileReference; lastKnownFileType = text.plist.xml; path = Info.plist; sourceTree = "<group>"; };
		325195C81E8B8F43004AA985 /* LeftTableViewController.h */ = {isa = PBXFileReference; fileEncoding = 4; lastKnownFileType = sourcecode.c.h; path = LeftTableViewController.h; sourceTree = "<group>"; };
		325195C91E8B8F43004AA985 /* LeftTableViewController.m */ = {isa = PBXFileReference; fileEncoding = 4; lastKnownFileType = sourcecode.c.objc; path = LeftTableViewController.m; sourceTree = "<group>"; };
		325195CA1E8B8F43004AA985 /* MainViewController.h */ = {isa = PBXFileReference; fileEncoding = 4; lastKnownFileType = sourcecode.c.h; path = MainViewController.h; sourceTree = "<group>"; };
		325195CB1E8B8F43004AA985 /* MainViewController.m */ = {isa = PBXFileReference; fileEncoding = 4; lastKnownFileType = sourcecode.c.objc; path = MainViewController.m; sourceTree = "<group>"; };
		325195CE1E8B8F43004AA985 /* RevealViewController.h */ = {isa = PBXFileReference; fileEncoding = 4; lastKnownFileType = sourcecode.c.h; path = RevealViewController.h; sourceTree = "<group>"; };
		325195CF1E8B8F43004AA985 /* RevealViewController.m */ = {isa = PBXFileReference; fileEncoding = 4; lastKnownFileType = sourcecode.c.objc; path = RevealViewController.m; sourceTree = "<group>"; };
		325195D01E8B8F43004AA985 /* RightViewController.h */ = {isa = PBXFileReference; fileEncoding = 4; lastKnownFileType = sourcecode.c.h; path = RightViewController.h; sourceTree = "<group>"; };
		325195D11E8B8F43004AA985 /* RightViewController.m */ = {isa = PBXFileReference; fileEncoding = 4; lastKnownFileType = sourcecode.c.objc; path = RightViewController.m; sourceTree = "<group>"; };
		325195D21E8B8F43004AA985 /* SecondViewController.h */ = {isa = PBXFileReference; fileEncoding = 4; lastKnownFileType = sourcecode.c.h; path = SecondViewController.h; sourceTree = "<group>"; };
		325195D31E8B8F43004AA985 /* SecondViewController.m */ = {isa = PBXFileReference; fileEncoding = 4; lastKnownFileType = sourcecode.c.objc; path = SecondViewController.m; sourceTree = "<group>"; };
		EC19D4A6A0D7070FF3FBB7CC /* Pods-ExampleFortvOS.debug.xcconfig */ = {isa = PBXFileReference; includeInIndex = 1; lastKnownFileType = text.xcconfig; name = "Pods-ExampleFortvOS.debug.xcconfig"; path = "../Example/Pods/Target Support Files/Pods-ExampleFortvOS/Pods-ExampleFortvOS.debug.xcconfig"; sourceTree = "<group>"; };
		F0B2352B821ECE1B2AF24621 /* libPods-ExampleFortvOS.a */ = {isa = PBXFileReference; explicitFileType = archive.ar; includeInIndex = 0; path = "libPods-ExampleFortvOS.a"; sourceTree = BUILT_PRODUCTS_DIR; };
/* End PBXFileReference section */

/* Begin PBXFrameworksBuildPhase section */
		325195AE1E8B8D77004AA985 /* Frameworks */ = {
			isa = PBXFrameworksBuildPhase;
			buildActionMask = 2147483647;
			files = (
				807605AD15EE12A1945E8800 /* libPods-ExampleFortvOS.a in Frameworks */,
			);
			runOnlyForDeploymentPostprocessing = 0;
		};
/* End PBXFrameworksBuildPhase section */

/* Begin PBXGroup section */
		15B583DEE720F2BEED000BAF /* Frameworks */ = {
			isa = PBXGroup;
			children = (
				F0B2352B821ECE1B2AF24621 /* libPods-ExampleFortvOS.a */,
			);
			name = Frameworks;
			sourceTree = "<group>";
		};
		325195A81E8B8D77004AA985 = {
			isa = PBXGroup;
			children = (
				325195B31E8B8D77004AA985 /* ExampleFortvOS */,
				325195B21E8B8D77004AA985 /* Products */,
				D2BAB2495F5E14EB10260154 /* Pods */,
				15B583DEE720F2BEED000BAF /* Frameworks */,
			);
			sourceTree = "<group>";
		};
		325195B21E8B8D77004AA985 /* Products */ = {
			isa = PBXGroup;
			children = (
				325195B11E8B8D77004AA985 /* ExampleFortvOS.app */,
			);
			name = Products;
			sourceTree = "<group>";
		};
		325195B31E8B8D77004AA985 /* ExampleFortvOS */ = {
			isa = PBXGroup;
			children = (
				325195B71E8B8D77004AA985 /* AppDelegate.h */,
				325195B81E8B8D77004AA985 /* AppDelegate.m */,
				325195CE1E8B8F43004AA985 /* RevealViewController.h */,
				325195CF1E8B8F43004AA985 /* RevealViewController.m */,
				325195C81E8B8F43004AA985 /* LeftTableViewController.h */,
				325195C91E8B8F43004AA985 /* LeftTableViewController.m */,
				325195CA1E8B8F43004AA985 /* MainViewController.h */,
				325195CB1E8B8F43004AA985 /* MainViewController.m */,
				325195D01E8B8F43004AA985 /* RightViewController.h */,
				325195D11E8B8F43004AA985 /* RightViewController.m */,
				325195D21E8B8F43004AA985 /* SecondViewController.h */,
				325195D31E8B8F43004AA985 /* SecondViewController.m */,
				325195BD1E8B8D77004AA985 /* Main.storyboard */,
				325195C01E8B8D77004AA985 /* Assets.xcassets */,
				325195C21E8B8D77004AA985 /* Info.plist */,
				325195B41E8B8D77004AA985 /* Supporting Files */,
			);
			path = ExampleFortvOS;
			sourceTree = "<group>";
		};
		325195B41E8B8D77004AA985 /* Supporting Files */ = {
			isa = PBXGroup;
			children = (
				325195B51E8B8D77004AA985 /* main.m */,
			);
			name = "Supporting Files";
			sourceTree = "<group>";
		};
		D2BAB2495F5E14EB10260154 /* Pods */ = {
			isa = PBXGroup;
			children = (
				EC19D4A6A0D7070FF3FBB7CC /* Pods-ExampleFortvOS.debug.xcconfig */,
				1288D6B7F72FA856FBBBE278 /* Pods-ExampleFortvOS.release.xcconfig */,
			);
			name = Pods;
			sourceTree = "<group>";
		};
/* End PBXGroup section */

/* Begin PBXNativeTarget section */
		325195B01E8B8D77004AA985 /* ExampleFortvOS */ = {
			isa = PBXNativeTarget;
			buildConfigurationList = 325195C51E8B8D77004AA985 /* Build configuration list for PBXNativeTarget "ExampleFortvOS" */;
			buildPhases = (
				03CCC360FB19C3ECEAE40862 /* [CP] Check Pods Manifest.lock */,
				325195AD1E8B8D77004AA985 /* Sources */,
				325195AE1E8B8D77004AA985 /* Frameworks */,
				325195AF1E8B8D77004AA985 /* Resources */,
				2764D99D041B4CD9DEDDE463 /* [CP] Embed Pods Frameworks */,
				C0AD94110AC2F900D4FB2209 /* [CP] Copy Pods Resources */,
			);
			buildRules = (
			);
			dependencies = (
			);
			name = ExampleFortvOS;
			productName = ExampleFortvOS;
			productReference = 325195B11E8B8D77004AA985 /* ExampleFortvOS.app */;
			productType = "com.apple.product-type.application";
		};
/* End PBXNativeTarget section */

/* Begin PBXProject section */
		325195A91E8B8D77004AA985 /* Project object */ = {
			isa = PBXProject;
			attributes = {
				LastUpgradeCheck = 0820;
				ORGANIZATIONNAME = iDevelopper;
				TargetAttributes = {
					325195B01E8B8D77004AA985 = {
						CreatedOnToolsVersion = 8.2.1;
						ProvisioningStyle = Automatic;
					};
				};
			};
			buildConfigurationList = 325195AC1E8B8D77004AA985 /* Build configuration list for PBXProject "ExampleFortvOS" */;
			compatibilityVersion = "Xcode 3.2";
			developmentRegion = English;
			hasScannedForEncodings = 0;
			knownRegions = (
				en,
				Base,
			);
			mainGroup = 325195A81E8B8D77004AA985;
			productRefGroup = 325195B21E8B8D77004AA985 /* Products */;
			projectDirPath = "";
			projectRoot = "";
			targets = (
				325195B01E8B8D77004AA985 /* ExampleFortvOS */,
			);
		};
/* End PBXProject section */

/* Begin PBXResourcesBuildPhase section */
		325195AF1E8B8D77004AA985 /* Resources */ = {
			isa = PBXResourcesBuildPhase;
			buildActionMask = 2147483647;
			files = (
				325195C11E8B8D77004AA985 /* Assets.xcassets in Resources */,
				325195BF1E8B8D77004AA985 /* Main.storyboard in Resources */,
			);
			runOnlyForDeploymentPostprocessing = 0;
		};
/* End PBXResourcesBuildPhase section */

/* Begin PBXShellScriptBuildPhase section */
		03CCC360FB19C3ECEAE40862 /* [CP] Check Pods Manifest.lock */ = {
			isa = PBXShellScriptBuildPhase;
			buildActionMask = 2147483647;
			files = (
			);
			inputPaths = (
			);
			name = "[CP] Check Pods Manifest.lock";
			outputPaths = (
			);
			runOnlyForDeploymentPostprocessing = 0;
			shellPath = /bin/sh;
			shellScript = "diff \"${PODS_ROOT}/../Podfile.lock\" \"${PODS_ROOT}/Manifest.lock\" > /dev/null\nif [ $? != 0 ] ; then\n    # print error to STDERR\n    echo \"error: The sandbox is not in sync with the Podfile.lock. Run 'pod install' or update your CocoaPods installation.\" >&2\n    exit 1\nfi\n";
			showEnvVarsInLog = 0;
		};
		2764D99D041B4CD9DEDDE463 /* [CP] Embed Pods Frameworks */ = {
			isa = PBXShellScriptBuildPhase;
			buildActionMask = 2147483647;
			files = (
			);
			inputPaths = (
			);
			name = "[CP] Embed Pods Frameworks";
			outputPaths = (
			);
			runOnlyForDeploymentPostprocessing = 0;
			shellPath = /bin/sh;
			shellScript = "\"${SRCROOT}/../Example/Pods/Target Support Files/Pods-ExampleFortvOS/Pods-ExampleFortvOS-frameworks.sh\"\n";
			showEnvVarsInLog = 0;
		};
		C0AD94110AC2F900D4FB2209 /* [CP] Copy Pods Resources */ = {
			isa = PBXShellScriptBuildPhase;
			buildActionMask = 2147483647;
			files = (
			);
			inputPaths = (
			);
			name = "[CP] Copy Pods Resources";
			outputPaths = (
			);
			runOnlyForDeploymentPostprocessing = 0;
			shellPath = /bin/sh;
			shellScript = "\"${SRCROOT}/../Example/Pods/Target Support Files/Pods-ExampleFortvOS/Pods-ExampleFortvOS-resources.sh\"\n";
			showEnvVarsInLog = 0;
		};
/* End PBXShellScriptBuildPhase section */

/* Begin PBXSourcesBuildPhase section */
		325195AD1E8B8D77004AA985 /* Sources */ = {
			isa = PBXSourcesBuildPhase;
			buildActionMask = 2147483647;
			files = (
				325195D81E8B8F43004AA985 /* RightViewController.m in Sources */,
				325195D71E8B8F43004AA985 /* RevealViewController.m in Sources */,
				325195B91E8B8D77004AA985 /* AppDelegate.m in Sources */,
				325195D91E8B8F43004AA985 /* SecondViewController.m in Sources */,
				325195D41E8B8F43004AA985 /* LeftTableViewController.m in Sources */,
				325195B61E8B8D77004AA985 /* main.m in Sources */,
				325195D51E8B8F43004AA985 /* MainViewController.m in Sources */,
			);
			runOnlyForDeploymentPostprocessing = 0;
		};
/* End PBXSourcesBuildPhase section */

/* Begin PBXVariantGroup section */
		325195BD1E8B8D77004AA985 /* Main.storyboard */ = {
			isa = PBXVariantGroup;
			children = (
				325195BE1E8B8D77004AA985 /* Base */,
			);
			name = Main.storyboard;
			sourceTree = "<group>";
		};
/* End PBXVariantGroup section */

/* Begin XCBuildConfiguration section */
		325195C31E8B8D77004AA985 /* Debug */ = {
			isa = XCBuildConfiguration;
			buildSettings = {
				ALWAYS_SEARCH_USER_PATHS = NO;
				CLANG_ANALYZER_NONNULL = YES;
				CLANG_CXX_LANGUAGE_STANDARD = "gnu++0x";
				CLANG_CXX_LIBRARY = "libc++";
				CLANG_ENABLE_MODULES = YES;
				CLANG_ENABLE_OBJC_ARC = YES;
				CLANG_WARN_BOOL_CONVERSION = YES;
				CLANG_WARN_CONSTANT_CONVERSION = YES;
				CLANG_WARN_DIRECT_OBJC_ISA_USAGE = YES_ERROR;
				CLANG_WARN_DOCUMENTATION_COMMENTS = YES;
				CLANG_WARN_EMPTY_BODY = YES;
				CLANG_WARN_ENUM_CONVERSION = YES;
				CLANG_WARN_INFINITE_RECURSION = YES;
				CLANG_WARN_INT_CONVERSION = YES;
				CLANG_WARN_OBJC_ROOT_CLASS = YES_ERROR;
				CLANG_WARN_SUSPICIOUS_MOVE = YES;
				CLANG_WARN_UNREACHABLE_CODE = YES;
				CLANG_WARN__DUPLICATE_METHOD_MATCH = YES;
				COPY_PHASE_STRIP = NO;
				DEBUG_INFORMATION_FORMAT = dwarf;
				ENABLE_STRICT_OBJC_MSGSEND = YES;
				ENABLE_TESTABILITY = YES;
				GCC_C_LANGUAGE_STANDARD = gnu99;
				GCC_DYNAMIC_NO_PIC = NO;
				GCC_NO_COMMON_BLOCKS = YES;
				GCC_OPTIMIZATION_LEVEL = 0;
				GCC_PREPROCESSOR_DEFINITIONS = (
					"DEBUG=1",
					"$(inherited)",
				);
				GCC_WARN_64_TO_32_BIT_CONVERSION = YES;
				GCC_WARN_ABOUT_RETURN_TYPE = YES_ERROR;
				GCC_WARN_UNDECLARED_SELECTOR = YES;
				GCC_WARN_UNINITIALIZED_AUTOS = YES_AGGRESSIVE;
				GCC_WARN_UNUSED_FUNCTION = YES;
				GCC_WARN_UNUSED_VARIABLE = YES;
				MTL_ENABLE_DEBUG_INFO = YES;
				ONLY_ACTIVE_ARCH = YES;
				SDKROOT = appletvos;
				TARGETED_DEVICE_FAMILY = 3;
				TVOS_DEPLOYMENT_TARGET = 10.2;
			};
			name = Debug;
		};
		325195C41E8B8D77004AA985 /* Release */ = {
			isa = XCBuildConfiguration;
			buildSettings = {
				ALWAYS_SEARCH_USER_PATHS = NO;
				CLANG_ANALYZER_NONNULL = YES;
				CLANG_CXX_LANGUAGE_STANDARD = "gnu++0x";
				CLANG_CXX_LIBRARY = "libc++";
				CLANG_ENABLE_MODULES = YES;
				CLANG_ENABLE_OBJC_ARC = YES;
				CLANG_WARN_BOOL_CONVERSION = YES;
				CLANG_WARN_CONSTANT_CONVERSION = YES;
				CLANG_WARN_DIRECT_OBJC_ISA_USAGE = YES_ERROR;
				CLANG_WARN_DOCUMENTATION_COMMENTS = YES;
				CLANG_WARN_EMPTY_BODY = YES;
				CLANG_WARN_ENUM_CONVERSION = YES;
				CLANG_WARN_INFINITE_RECURSION = YES;
				CLANG_WARN_INT_CONVERSION = YES;
				CLANG_WARN_OBJC_ROOT_CLASS = YES_ERROR;
				CLANG_WARN_SUSPICIOUS_MOVE = YES;
				CLANG_WARN_UNREACHABLE_CODE = YES;
				CLANG_WARN__DUPLICATE_METHOD_MATCH = YES;
				COPY_PHASE_STRIP = NO;
				DEBUG_INFORMATION_FORMAT = "dwarf-with-dsym";
				ENABLE_NS_ASSERTIONS = NO;
				ENABLE_STRICT_OBJC_MSGSEND = YES;
				GCC_C_LANGUAGE_STANDARD = gnu99;
				GCC_NO_COMMON_BLOCKS = YES;
				GCC_WARN_64_TO_32_BIT_CONVERSION = YES;
				GCC_WARN_ABOUT_RETURN_TYPE = YES_ERROR;
				GCC_WARN_UNDECLARED_SELECTOR = YES;
				GCC_WARN_UNINITIALIZED_AUTOS = YES_AGGRESSIVE;
				GCC_WARN_UNUSED_FUNCTION = YES;
				GCC_WARN_UNUSED_VARIABLE = YES;
				MTL_ENABLE_DEBUG_INFO = NO;
				SDKROOT = appletvos;
				TARGETED_DEVICE_FAMILY = 3;
				TVOS_DEPLOYMENT_TARGET = 10.2;
				VALIDATE_PRODUCT = YES;
			};
			name = Release;
		};
		325195C61E8B8D77004AA985 /* Debug */ = {
			isa = XCBuildConfiguration;
			baseConfigurationReference = EC19D4A6A0D7070FF3FBB7CC /* Pods-ExampleFortvOS.debug.xcconfig */;
			buildSettings = {
				ASSETCATALOG_COMPILER_APPICON_NAME = "App Icon & Top Shelf Image";
				ASSETCATALOG_COMPILER_LAUNCHIMAGE_NAME = LaunchImage;
				INFOPLIST_FILE = ExampleFortvOS/Info.plist;
				LD_RUNPATH_SEARCH_PATHS = "$(inherited) @executable_path/Frameworks";
				PRODUCT_BUNDLE_IDENTIFIER = fr.bodetpatrick.ExampleFortvOS;
				PRODUCT_NAME = "$(TARGET_NAME)";
				TVOS_DEPLOYMENT_TARGET = 10.2;
			};
			name = Debug;
		};
		325195C71E8B8D77004AA985 /* Release */ = {
			isa = XCBuildConfiguration;
			baseConfigurationReference = 1288D6B7F72FA856FBBBE278 /* Pods-ExampleFortvOS.release.xcconfig */;
			buildSettings = {
				ASSETCATALOG_COMPILER_APPICON_NAME = "App Icon & Top Shelf Image";
				ASSETCATALOG_COMPILER_LAUNCHIMAGE_NAME = LaunchImage;
				INFOPLIST_FILE = ExampleFortvOS/Info.plist;
				LD_RUNPATH_SEARCH_PATHS = "$(inherited) @executable_path/Frameworks";
				PRODUCT_BUNDLE_IDENTIFIER = fr.bodetpatrick.ExampleFortvOS;
				PRODUCT_NAME = "$(TARGET_NAME)";
				TVOS_DEPLOYMENT_TARGET = 10.2;
			};
			name = Release;
		};
/* End XCBuildConfiguration section */

/* Begin XCConfigurationList section */
		325195AC1E8B8D77004AA985 /* Build configuration list for PBXProject "ExampleFortvOS" */ = {
			isa = XCConfigurationList;
			buildConfigurations = (
				325195C31E8B8D77004AA985 /* Debug */,
				325195C41E8B8D77004AA985 /* Release */,
			);
			defaultConfigurationIsVisible = 0;
			defaultConfigurationName = Release;
		};
		325195C51E8B8D77004AA985 /* Build configuration list for PBXNativeTarget "ExampleFortvOS" */ = {
			isa = XCConfigurationList;
			buildConfigurations = (
				325195C61E8B8D77004AA985 /* Debug */,
				325195C71E8B8D77004AA985 /* Release */,
			);
			defaultConfigurationIsVisible = 0;
			defaultConfigurationName = Release;
		};
/* End XCConfigurationList section */
	};
	rootObject = 325195A91E8B8D77004AA985 /* Project object */;
}
