// !$*UTF8*$!
{
	archiveVersion = 1;
	classes = {
	};
	objectVersion = 46;
	objects = {

/* Begin PBXBuildFile section */
		1C36FC328EB45BD37549A414 /* Pods_PBRevealViewController_Example.framework in Frameworks */ = {isa = PBXBuildFile; fileRef = 8E7C2C314279805B625A522C /* Pods_PBRevealViewController_Example.framework */; settings = {ATTRIBUTES = (Weak, ); }; };
		3289F1BD1D3F829400302F5C /* ThirdViewController.m in Sources */ = {isa = PBXBuildFile; fileRef = 3289F1BC1D3F829400302F5C /* ThirdViewController.m */; };
		3289F1C01D3FE7C500302F5C /* FourthViewController.m in Sources */ = {isa = PBXBuildFile; fileRef = 3289F1BF1D3FE7C500302F5C /* FourthViewController.m */; };
		32BAE73E1D40DE320000CE06 /* PushViewController.m in Sources */ = {isa = PBXBuildFile; fileRef = 32BAE73D1D40DE320000CE06 /* PushViewController.m */; };
		32BAE7411D41FF690000CE06 /* PresentViewController.m in Sources */ = {isa = PBXBuildFile; fileRef = 32BAE7401D41FF690000CE06 /* PresentViewController.m */; };
		32BAE7441D4337030000CE06 /* FrontTableViewController.m in Sources */ = {isa = PBXBuildFile; fileRef = 32BAE7431D4337030000CE06 /* FrontTableViewController.m */; };
		32F2D7D41D3A326000B295EB /* LaunchScreen.storyboard in Resources */ = {isa = PBXBuildFile; fileRef = 32F2D7D21D3A326000B295EB /* LaunchScreen.storyboard */; };
		32F2D7D51D3A326000B295EB /* Main.storyboard in Resources */ = {isa = PBXBuildFile; fileRef = 32F2D7D31D3A326000B295EB /* Main.storyboard */; };
		32F2D7E41D3A32D000B295EB /* AppDelegate.m in Sources */ = {isa = PBXBuildFile; fileRef = 32F2D7D71D3A32D000B295EB /* AppDelegate.m */; };
		32F2D7E51D3A32D000B295EB /* MainViewController.m in Sources */ = {isa = PBXBuildFile; fileRef = 32F2D7D91D3A32D000B295EB /* MainViewController.m */; };
		32F2D7E61D3A32D000B295EB /* MapViewController.m in Sources */ = {isa = PBXBuildFile; fileRef = 32F2D7DB1D3A32D000B295EB /* MapViewController.m */; };
		32F2D7E71D3A32D000B295EB /* MenuTableViewController.m in Sources */ = {isa = PBXBuildFile; fileRef = 32F2D7DD1D3A32D000B295EB /* MenuTableViewController.m */; };
		32F2D7E81D3A32D000B295EB /* MenuTableViewController2.m in Sources */ = {isa = PBXBuildFile; fileRef = 32F2D7DF1D3A32D000B295EB /* MenuTableViewController2.m */; };
		32F2D7E91D3A32D000B295EB /* RightMenuTableViewController.m in Sources */ = {isa = PBXBuildFile; fileRef = 32F2D7E11D3A32D000B295EB /* RightMenuTableViewController.m */; };
		32F2D7EA1D3A32D000B295EB /* SecondViewController.m in Sources */ = {isa = PBXBuildFile; fileRef = 32F2D7E31D3A32D000B295EB /* SecondViewController.m */; };
		32F2D7EC1D3A34EA00B295EB /* MapKit.framework in Frameworks */ = {isa = PBXBuildFile; fileRef = 32F2D7EB1D3A34EA00B295EB /* MapKit.framework */; };
		6003F58E195388D20070C39A /* Foundation.framework in Frameworks */ = {isa = PBXBuildFile; fileRef = 6003F58D195388D20070C39A /* Foundation.framework */; };
		6003F590195388D20070C39A /* CoreGraphics.framework in Frameworks */ = {isa = PBXBuildFile; fileRef = 6003F58F195388D20070C39A /* CoreGraphics.framework */; };
		6003F592195388D20070C39A /* UIKit.framework in Frameworks */ = {isa = PBXBuildFile; fileRef = 6003F591195388D20070C39A /* UIKit.framework */; };
		6003F598195388D20070C39A /* InfoPlist.strings in Resources */ = {isa = PBXBuildFile; fileRef = 6003F596195388D20070C39A /* InfoPlist.strings */; };
		6003F59A195388D20070C39A /* main.m in Sources */ = {isa = PBXBuildFile; fileRef = 6003F599195388D20070C39A /* main.m */; };
		6003F5A9195388D20070C39A /* Images.xcassets in Resources */ = {isa = PBXBuildFile; fileRef = 6003F5A8195388D20070C39A /* Images.xcassets */; };
/* End PBXBuildFile section */

/* Begin PBXFileReference section */
		208C2803DE3FE9DA0D156CDB /* README.md */ = {isa = PBXFileReference; includeInIndex = 1; lastKnownFileType = net.daringfireball.markdown; name = README.md; path = ../README.md; sourceTree = "<group>"; };
		3289F1BB1D3F829400302F5C /* ThirdViewController.h */ = {isa = PBXFileReference; fileEncoding = 4; lastKnownFileType = sourcecode.c.h; path = ThirdViewController.h; sourceTree = "<group>"; };
		3289F1BC1D3F829400302F5C /* ThirdViewController.m */ = {isa = PBXFileReference; fileEncoding = 4; lastKnownFileType = sourcecode.c.objc; path = ThirdViewController.m; sourceTree = "<group>"; };
		3289F1BE1D3FE7C500302F5C /* FourthViewController.h */ = {isa = PBXFileReference; fileEncoding = 4; lastKnownFileType = sourcecode.c.h; path = FourthViewController.h; sourceTree = "<group>"; };
		3289F1BF1D3FE7C500302F5C /* FourthViewController.m */ = {isa = PBXFileReference; fileEncoding = 4; lastKnownFileType = sourcecode.c.objc; path = FourthViewController.m; sourceTree = "<group>"; };
		32BAE73C1D40DE320000CE06 /* PushViewController.h */ = {isa = PBXFileReference; fileEncoding = 4; lastKnownFileType = sourcecode.c.h; path = PushViewController.h; sourceTree = "<group>"; };
		32BAE73D1D40DE320000CE06 /* PushViewController.m */ = {isa = PBXFileReference; fileEncoding = 4; lastKnownFileType = sourcecode.c.objc; path = PushViewController.m; sourceTree = "<group>"; };
		32BAE73F1D41FF690000CE06 /* PresentViewController.h */ = {isa = PBXFileReference; fileEncoding = 4; lastKnownFileType = sourcecode.c.h; path = PresentViewController.h; sourceTree = "<group>"; };
		32BAE7401D41FF690000CE06 /* PresentViewController.m */ = {isa = PBXFileReference; fileEncoding = 4; lastKnownFileType = sourcecode.c.objc; path = PresentViewController.m; sourceTree = "<group>"; };
		32BAE7421D4337030000CE06 /* FrontTableViewController.h */ = {isa = PBXFileReference; fileEncoding = 4; lastKnownFileType = sourcecode.c.h; path = FrontTableViewController.h; sourceTree = "<group>"; };
		32BAE7431D4337030000CE06 /* FrontTableViewController.m */ = {isa = PBXFileReference; fileEncoding = 4; lastKnownFileType = sourcecode.c.objc; path = FrontTableViewController.m; sourceTree = "<group>"; };
		32F2D7D21D3A326000B295EB /* LaunchScreen.storyboard */ = {isa = PBXFileReference; fileEncoding = 4; lastKnownFileType = file.storyboard; path = LaunchScreen.storyboard; sourceTree = "<group>"; };
		32F2D7D31D3A326000B295EB /* Main.storyboard */ = {isa = PBXFileReference; fileEncoding = 4; lastKnownFileType = file.storyboard; path = Main.storyboard; sourceTree = "<group>"; };
		32F2D7D61D3A32D000B295EB /* AppDelegate.h */ = {isa = PBXFileReference; fileEncoding = 4; lastKnownFileType = sourcecode.c.h; path = AppDelegate.h; sourceTree = "<group>"; };
		32F2D7D71D3A32D000B295EB /* AppDelegate.m */ = {isa = PBXFileReference; fileEncoding = 4; lastKnownFileType = sourcecode.c.objc; path = AppDelegate.m; sourceTree = "<group>"; };
		32F2D7D81D3A32D000B295EB /* MainViewController.h */ = {isa = PBXFileReference; fileEncoding = 4; lastKnownFileType = sourcecode.c.h; path = MainViewController.h; sourceTree = "<group>"; };
		32F2D7D91D3A32D000B295EB /* MainViewController.m */ = {isa = PBXFileReference; fileEncoding = 4; lastKnownFileType = sourcecode.c.objc; path = MainViewController.m; sourceTree = "<group>"; };
		32F2D7DA1D3A32D000B295EB /* MapViewController.h */ = {isa = PBXFileReference; fileEncoding = 4; lastKnownFileType = sourcecode.c.h; path = MapViewController.h; sourceTree = "<group>"; };
		32F2D7DB1D3A32D000B295EB /* MapViewController.m */ = {isa = PBXFileReference; fileEncoding = 4; lastKnownFileType = sourcecode.c.objc; path = MapViewController.m; sourceTree = "<group>"; };
		32F2D7DC1D3A32D000B295EB /* MenuTableViewController.h */ = {isa = PBXFileReference; fileEncoding = 4; lastKnownFileType = sourcecode.c.h; path = MenuTableViewController.h; sourceTree = "<group>"; };
		32F2D7DD1D3A32D000B295EB /* MenuTableViewController.m */ = {isa = PBXFileReference; fileEncoding = 4; lastKnownFileType = sourcecode.c.objc; path = MenuTableViewController.m; sourceTree = "<group>"; };
		32F2D7DE1D3A32D000B295EB /* MenuTableViewController2.h */ = {isa = PBXFileReference; fileEncoding = 4; lastKnownFileType = sourcecode.c.h; path = MenuTableViewController2.h; sourceTree = "<group>"; };
		32F2D7DF1D3A32D000B295EB /* MenuTableViewController2.m */ = {isa = PBXFileReference; fileEncoding = 4; lastKnownFileType = sourcecode.c.objc; path = MenuTableViewController2.m; sourceTree = "<group>"; };
		32F2D7E01D3A32D000B295EB /* RightMenuTableViewController.h */ = {isa = PBXFileReference; fileEncoding = 4; lastKnownFileType = sourcecode.c.h; path = RightMenuTableViewController.h; sourceTree = "<group>"; };
		32F2D7E11D3A32D000B295EB /* RightMenuTableViewController.m */ = {isa = PBXFileReference; fileEncoding = 4; lastKnownFileType = sourcecode.c.objc; path = RightMenuTableViewController.m; sourceTree = "<group>"; };
		32F2D7E21D3A32D000B295EB /* SecondViewController.h */ = {isa = PBXFileReference; fileEncoding = 4; lastKnownFileType = sourcecode.c.h; path = SecondViewController.h; sourceTree = "<group>"; };
		32F2D7E31D3A32D000B295EB /* SecondViewController.m */ = {isa = PBXFileReference; fileEncoding = 4; lastKnownFileType = sourcecode.c.objc; path = SecondViewController.m; sourceTree = "<group>"; };
		32F2D7EB1D3A34EA00B295EB /* MapKit.framework */ = {isa = PBXFileReference; lastKnownFileType = wrapper.framework; name = MapKit.framework; path = System/Library/Frameworks/MapKit.framework; sourceTree = SDKROOT; };
		499AB3F78AC4DE8D8421DCDB /* LICENSE */ = {isa = PBXFileReference; includeInIndex = 1; lastKnownFileType = text; name = LICENSE; path = ../LICENSE; sourceTree = "<group>"; };
		6003F58A195388D20070C39A /* PBRevealViewController_Example.app */ = {isa = PBXFileReference; explicitFileType = wrapper.application; includeInIndex = 0; path = PBRevealViewController_Example.app; sourceTree = BUILT_PRODUCTS_DIR; };
		6003F58D195388D20070C39A /* Foundation.framework */ = {isa = PBXFileReference; lastKnownFileType = wrapper.framework; name = Foundation.framework; path = System/Library/Frameworks/Foundation.framework; sourceTree = SDKROOT; };
		6003F58F195388D20070C39A /* CoreGraphics.framework */ = {isa = PBXFileReference; lastKnownFileType = wrapper.framework; name = CoreGraphics.framework; path = System/Library/Frameworks/CoreGraphics.framework; sourceTree = SDKROOT; };
		6003F591195388D20070C39A /* UIKit.framework */ = {isa = PBXFileReference; lastKnownFileType = wrapper.framework; name = UIKit.framework; path = System/Library/Frameworks/UIKit.framework; sourceTree = SDKROOT; };
		6003F595195388D20070C39A /* PBRevealViewController-Info.plist */ = {isa = PBXFileReference; lastKnownFileType = text.plist.xml; path = "PBRevealViewController-Info.plist"; sourceTree = "<group>"; };
		6003F597195388D20070C39A /* en */ = {isa = PBXFileReference; lastKnownFileType = text.plist.strings; name = en; path = en.lproj/InfoPlist.strings; sourceTree = "<group>"; };
		6003F599195388D20070C39A /* main.m */ = {isa = PBXFileReference; lastKnownFileType = sourcecode.c.objc; path = main.m; sourceTree = "<group>"; };
		6003F59B195388D20070C39A /* PBRevealViewController-Prefix.pch */ = {isa = PBXFileReference; lastKnownFileType = sourcecode.c.h; path = "PBRevealViewController-Prefix.pch"; sourceTree = "<group>"; };
		6003F5A8195388D20070C39A /* Images.xcassets */ = {isa = PBXFileReference; lastKnownFileType = folder.assetcatalog; path = Images.xcassets; sourceTree = "<group>"; };
		8E7C2C314279805B625A522C /* Pods_PBRevealViewController_Example.framework */ = {isa = PBXFileReference; explicitFileType = wrapper.framework; includeInIndex = 0; path = Pods_PBRevealViewController_Example.framework; sourceTree = BUILT_PRODUCTS_DIR; };
		8FAE671CCB82291061C4C791 /* Pods-PBRevealViewController_Example.debug.xcconfig */ = {isa = PBXFileReference; includeInIndex = 1; lastKnownFileType = text.xcconfig; name = "Pods-PBRevealViewController_Example.debug.xcconfig"; path = "Pods/Target Support Files/Pods-PBRevealViewController_Example/Pods-PBRevealViewController_Example.debug.xcconfig"; sourceTree = "<group>"; };
		BAE15F0E43C00EE4A2E2F73B /* Pods-PBRevealViewController_Example.release.xcconfig */ = {isa = PBXFileReference; includeInIndex = 1; lastKnownFileType = text.xcconfig; name = "Pods-PBRevealViewController_Example.release.xcconfig"; path = "Pods/Target Support Files/Pods-PBRevealViewController_Example/Pods-PBRevealViewController_Example.release.xcconfig"; sourceTree = "<group>"; };
		C5B15792058643581984A5D1 /* PBRevealViewController.podspec */ = {isa = PBXFileReference; includeInIndex = 1; lastKnownFileType = text; name = PBRevealViewController.podspec; path = ../PBRevealViewController.podspec; sourceTree = "<group>"; };
/* End PBXFileReference section */

/* Begin PBXFrameworksBuildPhase section */
		6003F587195388D20070C39A /* Frameworks */ = {
			isa = PBXFrameworksBuildPhase;
			buildActionMask = 2147483647;
			files = (
				32F2D7EC1D3A34EA00B295EB /* MapKit.framework in Frameworks */,
				6003F590195388D20070C39A /* CoreGraphics.framework in Frameworks */,
				6003F592195388D20070C39A /* UIKit.framework in Frameworks */,
				6003F58E195388D20070C39A /* Foundation.framework in Frameworks */,
				1C36FC328EB45BD37549A414 /* Pods_PBRevealViewController_Example.framework in Frameworks */,
			);
			runOnlyForDeploymentPostprocessing = 0;
		};
/* End PBXFrameworksBuildPhase section */

/* Begin PBXGroup section */
		5EA6670618364689D38D9FB7 /* Pods */ = {
			isa = PBXGroup;
			children = (
				8FAE671CCB82291061C4C791 /* Pods-PBRevealViewController_Example.debug.xcconfig */,
				BAE15F0E43C00EE4A2E2F73B /* Pods-PBRevealViewController_Example.release.xcconfig */,
			);
			name = Pods;
			sourceTree = "<group>";
		};
		6003F581195388D10070C39A = {
			isa = PBXGroup;
			children = (
				60FF7A9C1954A5C5007DD14C /* Podspec Metadata */,
				6003F593195388D20070C39A /* Example for PBRevealViewController */,
				6003F58C195388D20070C39A /* Frameworks */,
				6003F58B195388D20070C39A /* Products */,
				5EA6670618364689D38D9FB7 /* Pods */,
			);
			sourceTree = "<group>";
		};
		6003F58B195388D20070C39A /* Products */ = {
			isa = PBXGroup;
			children = (
				6003F58A195388D20070C39A /* PBRevealViewController_Example.app */,
			);
			name = Products;
			sourceTree = "<group>";
		};
		6003F58C195388D20070C39A /* Frameworks */ = {
			isa = PBXGroup;
			children = (
				32F2D7EB1D3A34EA00B295EB /* MapKit.framework */,
				6003F58D195388D20070C39A /* Foundation.framework */,
				6003F58F195388D20070C39A /* CoreGraphics.framework */,
				6003F591195388D20070C39A /* UIKit.framework */,
				8E7C2C314279805B625A522C /* Pods_PBRevealViewController_Example.framework */,
			);
			name = Frameworks;
			sourceTree = "<group>";
		};
		6003F593195388D20070C39A /* Example for PBRevealViewController */ = {
			isa = PBXGroup;
			children = (
				32F2D7D21D3A326000B295EB /* LaunchScreen.storyboard */,
				32F2D7D31D3A326000B295EB /* Main.storyboard */,
				32F2D7D61D3A32D000B295EB /* AppDelegate.h */,
				32F2D7D71D3A32D000B295EB /* AppDelegate.m */,
				32F2D7D81D3A32D000B295EB /* MainViewController.h */,
				32F2D7D91D3A32D000B295EB /* MainViewController.m */,
				32F2D7DA1D3A32D000B295EB /* MapViewController.h */,
				32F2D7DB1D3A32D000B295EB /* MapViewController.m */,
				32F2D7DC1D3A32D000B295EB /* MenuTableViewController.h */,
				32F2D7DD1D3A32D000B295EB /* MenuTableViewController.m */,
				32F2D7DE1D3A32D000B295EB /* MenuTableViewController2.h */,
				32F2D7DF1D3A32D000B295EB /* MenuTableViewController2.m */,
				32F2D7E01D3A32D000B295EB /* RightMenuTableViewController.h */,
				32F2D7E11D3A32D000B295EB /* RightMenuTableViewController.m */,
				32F2D7E21D3A32D000B295EB /* SecondViewController.h */,
				32F2D7E31D3A32D000B295EB /* SecondViewController.m */,
				3289F1BB1D3F829400302F5C /* ThirdViewController.h */,
				3289F1BC1D3F829400302F5C /* ThirdViewController.m */,
				3289F1BE1D3FE7C500302F5C /* FourthViewController.h */,
				3289F1BF1D3FE7C500302F5C /* FourthViewController.m */,
				32BAE73C1D40DE320000CE06 /* PushViewController.h */,
				32BAE73D1D40DE320000CE06 /* PushViewController.m */,
				32BAE73F1D41FF690000CE06 /* PresentViewController.h */,
				32BAE7401D41FF690000CE06 /* PresentViewController.m */,
				32BAE7421D4337030000CE06 /* FrontTableViewController.h */,
				32BAE7431D4337030000CE06 /* FrontTableViewController.m */,
				6003F5A8195388D20070C39A /* Images.xcassets */,
				6003F594195388D20070C39A /* Supporting Files */,
			);
			name = "Example for PBRevealViewController";
			path = PBRevealViewController;
			sourceTree = "<group>";
		};
		6003F594195388D20070C39A /* Supporting Files */ = {
			isa = PBXGroup;
			children = (
				6003F595195388D20070C39A /* PBRevealViewController-Info.plist */,
				6003F596195388D20070C39A /* InfoPlist.strings */,
				6003F599195388D20070C39A /* main.m */,
				6003F59B195388D20070C39A /* PBRevealViewController-Prefix.pch */,
			);
			name = "Supporting Files";
			sourceTree = "<group>";
		};
		60FF7A9C1954A5C5007DD14C /* Podspec Metadata */ = {
			isa = PBXGroup;
			children = (
				C5B15792058643581984A5D1 /* PBRevealViewController.podspec */,
				208C2803DE3FE9DA0D156CDB /* README.md */,
				499AB3F78AC4DE8D8421DCDB /* LICENSE */,
			);
			name = "Podspec Metadata";
			sourceTree = "<group>";
		};
/* End PBXGroup section */

/* Begin PBXNativeTarget section */
		6003F589195388D20070C39A /* PBRevealViewController_Example */ = {
			isa = PBXNativeTarget;
			buildConfigurationList = 6003F5BF195388D20070C39A /* Build configuration list for PBXNativeTarget "PBRevealViewController_Example" */;
			buildPhases = (
				ADBB11F6D8129411603C2DBD /* Check Pods Manifest.lock */,
				2F6BD95BC76DD1FC7E6E2ADC /* [CP] Check Pods Manifest.lock */,
				6003F586195388D20070C39A /* Sources */,
				6003F587195388D20070C39A /* Frameworks */,
				6003F588195388D20070C39A /* Resources */,
				4B90D2CBD9E75C8517B99221 /* [CP] Embed Pods Frameworks */,
				3F924013723FC84151AA8274 /* [CP] Copy Pods Resources */,
				A24AFE2BD1E6EF692BF36A56 /* Embed Pods Frameworks */,
				7F29B35F2BC4978F3D326042 /* Copy Pods Resources */,
			);
			buildRules = (
			);
			dependencies = (
			);
			name = PBRevealViewController_Example;
			productName = PBRevealViewController;
			productReference = 6003F58A195388D20070C39A /* PBRevealViewController_Example.app */;
			productType = "com.apple.product-type.application";
		};
/* End PBXNativeTarget section */

/* Begin PBXProject section */
		6003F582195388D10070C39A /* Project object */ = {
			isa = PBXProject;
			attributes = {
				CLASSPREFIX = PB;
				LastUpgradeCheck = 0720;
				ORGANIZATIONNAME = iDevelopper;
			};
			buildConfigurationList = 6003F585195388D10070C39A /* Build configuration list for PBXProject "PBRevealViewController" */;
			compatibilityVersion = "Xcode 3.2";
			developmentRegion = English;
			hasScannedForEncodings = 0;
			knownRegions = (
				en,
				Base,
			);
			mainGroup = 6003F581195388D10070C39A;
			productRefGroup = 6003F58B195388D20070C39A /* Products */;
			projectDirPath = "";
			projectRoot = "";
			targets = (
				6003F589195388D20070C39A /* PBRevealViewController_Example */,
			);
		};
/* End PBXProject section */

/* Begin PBXResourcesBuildPhase section */
		6003F588195388D20070C39A /* Resources */ = {
			isa = PBXResourcesBuildPhase;
			buildActionMask = 2147483647;
			files = (
				32F2D7D41D3A326000B295EB /* LaunchScreen.storyboard in Resources */,
				6003F5A9195388D20070C39A /* Images.xcassets in Resources */,
				6003F598195388D20070C39A /* InfoPlist.strings in Resources */,
				32F2D7D51D3A326000B295EB /* Main.storyboard in Resources */,
			);
			runOnlyForDeploymentPostprocessing = 0;
		};
/* End PBXResourcesBuildPhase section */

/* Begin PBXShellScriptBuildPhase section */
		2F6BD95BC76DD1FC7E6E2ADC /* [CP] Check Pods Manifest.lock */ = {
			isa = PBXShellScriptBuildPhase;
			buildActionMask = 2147483647;
			files = (
			);
			inputPaths = (
			);
			name = "[CP] Check Pods Manifest.lock";
			outputPaths = (
			);
			runOnlyForDeploymentPostprocessing = 0;
			shellPath = /bin/sh;
			shellScript = "diff \"${PODS_ROOT}/../Podfile.lock\" \"${PODS_ROOT}/Manifest.lock\" > /dev/null\nif [[ $? != 0 ]] ; then\n    cat << EOM\nerror: The sandbox is not in sync with the Podfile.lock. Run 'pod install' or update your CocoaPods installation.\nEOM\n    exit 1\nfi\n";
			showEnvVarsInLog = 0;
		};
		3F924013723FC84151AA8274 /* [CP] Copy Pods Resources */ = {
			isa = PBXShellScriptBuildPhase;
			buildActionMask = 2147483647;
			files = (
			);
			inputPaths = (
			);
			name = "[CP] Copy Pods Resources";
			outputPaths = (
			);
			runOnlyForDeploymentPostprocessing = 0;
			shellPath = /bin/sh;
			shellScript = "\"${SRCROOT}/Pods/Target Support Files/Pods-PBRevealViewController_Example/Pods-PBRevealViewController_Example-resources.sh\"\n";
			showEnvVarsInLog = 0;
		};
		4B90D2CBD9E75C8517B99221 /* [CP] Embed Pods Frameworks */ = {
			isa = PBXShellScriptBuildPhase;
			buildActionMask = 2147483647;
			files = (
			);
			inputPaths = (
			);
			name = "[CP] Embed Pods Frameworks";
			outputPaths = (
			);
			runOnlyForDeploymentPostprocessing = 0;
			shellPath = /bin/sh;
			shellScript = "\"${SRCROOT}/Pods/Target Support Files/Pods-PBRevealViewController_Example/Pods-PBRevealViewController_Example-frameworks.sh\"\n";
			showEnvVarsInLog = 0;
		};
		7F29B35F2BC4978F3D326042 /* Copy Pods Resources */ = {
			isa = PBXShellScriptBuildPhase;
			buildActionMask = 2147483647;
			files = (
			);
			inputPaths = (
			);
			name = "Copy Pods Resources";
			outputPaths = (
			);
			runOnlyForDeploymentPostprocessing = 0;
			shellPath = /bin/sh;
			shellScript = "\"${SRCROOT}/Pods/Target Support Files/Pods-PBRevealViewController_Example/Pods-PBRevealViewController_Example-resources.sh\"\n";
			showEnvVarsInLog = 0;
		};
		A24AFE2BD1E6EF692BF36A56 /* Embed Pods Frameworks */ = {
			isa = PBXShellScriptBuildPhase;
			buildActionMask = 2147483647;
			files = (
			);
			inputPaths = (
			);
			name = "Embed Pods Frameworks";
			outputPaths = (
			);
			runOnlyForDeploymentPostprocessing = 0;
			shellPath = /bin/sh;
			shellScript = "\"${SRCROOT}/Pods/Target Support Files/Pods-PBRevealViewController_Example/Pods-PBRevealViewController_Example-frameworks.sh\"\n";
			showEnvVarsInLog = 0;
		};
		ADBB11F6D8129411603C2DBD /* Check Pods Manifest.lock */ = {
			isa = PBXShellScriptBuildPhase;
			buildActionMask = 2147483647;
			files = (
			);
			inputPaths = (
			);
			name = "Check Pods Manifest.lock";
			outputPaths = (
			);
			runOnlyForDeploymentPostprocessing = 0;
			shellPath = /bin/sh;
			shellScript = "diff \"${PODS_ROOT}/../Podfile.lock\" \"${PODS_ROOT}/Manifest.lock\" > /dev/null\nif [[ $? != 0 ]] ; then\n    cat << EOM\nerror: The sandbox is not in sync with the Podfile.lock. Run 'pod install' or update your CocoaPods installation.\nEOM\n    exit 1\nfi\n";
			showEnvVarsInLog = 0;
		};
/* End PBXShellScriptBuildPhase section */

/* Begin PBXSourcesBuildPhase section */
		6003F586195388D20070C39A /* Sources */ = {
			isa = PBXSourcesBuildPhase;
			buildActionMask = 2147483647;
			files = (
				32F2D7EA1D3A32D000B295EB /* SecondViewController.m in Sources */,
				32BAE7441D4337030000CE06 /* FrontTableViewController.m in Sources */,
				32BAE73E1D40DE320000CE06 /* PushViewController.m in Sources */,
				32BAE7411D41FF690000CE06 /* PresentViewController.m in Sources */,
				32F2D7E41D3A32D000B295EB /* AppDelegate.m in Sources */,
				32F2D7E81D3A32D000B295EB /* MenuTableViewController2.m in Sources */,
				32F2D7E61D3A32D000B295EB /* MapViewController.m in Sources */,
				32F2D7E91D3A32D000B295EB /* RightMenuTableViewController.m in Sources */,
				3289F1BD1D3F829400302F5C /* ThirdViewController.m in Sources */,
				3289F1C01D3FE7C500302F5C /* FourthViewController.m in Sources */,
				32F2D7E51D3A32D000B295EB /* MainViewController.m in Sources */,
				32F2D7E71D3A32D000B295EB /* MenuTableViewController.m in Sources */,
				6003F59A195388D20070C39A /* main.m in Sources */,
			);
			runOnlyForDeploymentPostprocessing = 0;
		};
/* End PBXSourcesBuildPhase section */

/* Begin PBXVariantGroup section */
		6003F596195388D20070C39A /* InfoPlist.strings */ = {
			isa = PBXVariantGroup;
			children = (
				6003F597195388D20070C39A /* en */,
			);
			name = InfoPlist.strings;
			sourceTree = "<group>";
		};
/* End PBXVariantGroup section */

/* Begin XCBuildConfiguration section */
		6003F5BD195388D20070C39A /* Debug */ = {
			isa = XCBuildConfiguration;
			buildSettings = {
				ALWAYS_SEARCH_USER_PATHS = NO;
				CLANG_CXX_LANGUAGE_STANDARD = "gnu++0x";
				CLANG_CXX_LIBRARY = "libc++";
				CLANG_ENABLE_MODULES = YES;
				CLANG_ENABLE_OBJC_ARC = YES;
				CLANG_WARN_BOOL_CONVERSION = YES;
				CLANG_WARN_CONSTANT_CONVERSION = YES;
				CLANG_WARN_DIRECT_OBJC_ISA_USAGE = YES_ERROR;
				CLANG_WARN_EMPTY_BODY = YES;
				CLANG_WARN_ENUM_CONVERSION = YES;
				CLANG_WARN_INT_CONVERSION = YES;
				CLANG_WARN_OBJC_ROOT_CLASS = YES_ERROR;
				CLANG_WARN__DUPLICATE_METHOD_MATCH = YES;
				"CODE_SIGN_IDENTITY[sdk=iphoneos*]" = "iPhone Developer";
				COPY_PHASE_STRIP = NO;
				ENABLE_TESTABILITY = YES;
				GCC_C_LANGUAGE_STANDARD = gnu99;
				GCC_DYNAMIC_NO_PIC = NO;
				GCC_OPTIMIZATION_LEVEL = 0;
				GCC_PREPROCESSOR_DEFINITIONS = (
					"DEBUG=1",
					"$(inherited)",
				);
				GCC_SYMBOLS_PRIVATE_EXTERN = NO;
				GCC_WARN_64_TO_32_BIT_CONVERSION = YES;
				GCC_WARN_ABOUT_RETURN_TYPE = YES_ERROR;
				GCC_WARN_UNDECLARED_SELECTOR = YES;
				GCC_WARN_UNINITIALIZED_AUTOS = YES_AGGRESSIVE;
				GCC_WARN_UNUSED_FUNCTION = YES;
				GCC_WARN_UNUSED_VARIABLE = YES;
				IPHONEOS_DEPLOYMENT_TARGET = 8.3;
				ONLY_ACTIVE_ARCH = YES;
				SDKROOT = iphoneos;
				TARGETED_DEVICE_FAMILY = "1,2";
			};
			name = Debug;
		};
		6003F5BE195388D20070C39A /* Release */ = {
			isa = XCBuildConfiguration;
			buildSettings = {
				ALWAYS_SEARCH_USER_PATHS = NO;
				CLANG_CXX_LANGUAGE_STANDARD = "gnu++0x";
				CLANG_CXX_LIBRARY = "libc++";
				CLANG_ENABLE_MODULES = YES;
				CLANG_ENABLE_OBJC_ARC = YES;
				CLANG_WARN_BOOL_CONVERSION = YES;
				CLANG_WARN_CONSTANT_CONVERSION = YES;
				CLANG_WARN_DIRECT_OBJC_ISA_USAGE = YES_ERROR;
				CLANG_WARN_EMPTY_BODY = YES;
				CLANG_WARN_ENUM_CONVERSION = YES;
				CLANG_WARN_INT_CONVERSION = YES;
				CLANG_WARN_OBJC_ROOT_CLASS = YES_ERROR;
				CLANG_WARN__DUPLICATE_METHOD_MATCH = YES;
				"CODE_SIGN_IDENTITY[sdk=iphoneos*]" = "iPhone Developer";
				COPY_PHASE_STRIP = YES;
				ENABLE_NS_ASSERTIONS = NO;
				GCC_C_LANGUAGE_STANDARD = gnu99;
				GCC_WARN_64_TO_32_BIT_CONVERSION = YES;
				GCC_WARN_ABOUT_RETURN_TYPE = YES_ERROR;
				GCC_WARN_UNDECLARED_SELECTOR = YES;
				GCC_WARN_UNINITIALIZED_AUTOS = YES_AGGRESSIVE;
				GCC_WARN_UNUSED_FUNCTION = YES;
				GCC_WARN_UNUSED_VARIABLE = YES;
				IPHONEOS_DEPLOYMENT_TARGET = 8.3;
				SDKROOT = iphoneos;
				TARGETED_DEVICE_FAMILY = "1,2";
				VALIDATE_PRODUCT = YES;
			};
			name = Release;
		};
		6003F5C0195388D20070C39A /* Debug */ = {
			isa = XCBuildConfiguration;
			baseConfigurationReference = 8FAE671CCB82291061C4C791 /* Pods-PBRevealViewController_Example.debug.xcconfig */;
			buildSettings = {
				ASSETCATALOG_COMPILER_APPICON_NAME = AppIcon;
				ASSETCATALOG_COMPILER_LAUNCHIMAGE_NAME = LaunchImage;
				GCC_PRECOMPILE_PREFIX_HEADER = YES;
				GCC_PREFIX_HEADER = "PBRevealViewController/PBRevealViewController-Prefix.pch";
				INFOPLIST_FILE = "PBRevealViewController/PBRevealViewController-Info.plist";
				MODULE_NAME = ExampleApp;
				PRODUCT_BUNDLE_IDENTIFIER = "org.cocoapods.demo.${PRODUCT_NAME:rfc1034identifier}";
				PRODUCT_NAME = "$(TARGET_NAME)";
				WRAPPER_EXTENSION = app;
			};
			name = Debug;
		};
		6003F5C1195388D20070C39A /* Release */ = {
			isa = XCBuildConfiguration;
			baseConfigurationReference = BAE15F0E43C00EE4A2E2F73B /* Pods-PBRevealViewController_Example.release.xcconfig */;
			buildSettings = {
				ASSETCATALOG_COMPILER_APPICON_NAME = AppIcon;
				ASSETCATALOG_COMPILER_LAUNCHIMAGE_NAME = LaunchImage;
				GCC_PRECOMPILE_PREFIX_HEADER = YES;
				GCC_PREFIX_HEADER = "PBRevealViewController/PBRevealViewController-Prefix.pch";
				INFOPLIST_FILE = "PBRevealViewController/PBRevealViewController-Info.plist";
				MODULE_NAME = ExampleApp;
				PRODUCT_BUNDLE_IDENTIFIER = "org.cocoapods.demo.${PRODUCT_NAME:rfc1034identifier}";
				PRODUCT_NAME = "$(TARGET_NAME)";
				WRAPPER_EXTENSION = app;
			};
			name = Release;
		};
/* End XCBuildConfiguration section */

/* Begin XCConfigurationList section */
		6003F585195388D10070C39A /* Build configuration list for PBXProject "PBRevealViewController" */ = {
			isa = XCConfigurationList;
			buildConfigurations = (
				6003F5BD195388D20070C39A /* Debug */,
				6003F5BE195388D20070C39A /* Release */,
			);
			defaultConfigurationIsVisible = 0;
			defaultConfigurationName = Release;
		};
		6003F5BF195388D20070C39A /* Build configuration list for PBXNativeTarget "PBRevealViewController_Example" */ = {
			isa = XCConfigurationList;
			buildConfigurations = (
				6003F5C0195388D20070C39A /* Debug */,
				6003F5C1195388D20070C39A /* Release */,
			);
			defaultConfigurationIsVisible = 0;
			defaultConfigurationName = Release;
		};
/* End XCConfigurationList section */
	};
	rootObject = 6003F582195388D10070C39A /* Project object */;
}
